
Microsoft Visual Studio Solution File, Format Version 12.00
# Visual Studio Version 16
VisualStudioVersion = 16.0.30114.105
MinimumVisualStudioVersion = 10.0.40219.1
Project("{FAE04EC0-301F-11D3-BF4B-00C04F79EFBC}") = "TerritoryConversionDashboard", "TerritoryConversionDashboard\TerritoryConversionDashboard.csproj", "{517C1410-386E-4801-8A53-CB0D3BF9AE75}"
EndProject
Global
	GlobalSection(SolutionConfigurationPlatforms) = preSolution
		Debug|Any CPU = Debug|Any CPU
		Release|Any CPU = Release|Any CPU
	EndGlobalSection
	GlobalSection(ProjectConfigurationPlatforms) = postSolution
		{517C1410-386E-4801-8A53-CB0D3BF9AE75}.Debug|Any CPU.ActiveCfg = Debug|Any CPU
		{517C1410-386E-4801-8A53-CB0D3BF9AE75}.Debug|Any CPU.Build.0 = Debug|Any CPU
		{517C1410-386E-4801-8A53-CB0D3BF9AE75}.Release|Any CPU.ActiveCfg = Release|Any CPU
		{517C1410-386E-4801-8A53-CB0D3BF9AE75}.Release|Any CPU.Build.0 = Release|Any CPU
	EndGlobalSection
	GlobalSection(SolutionProperties) = preSolution
		HideSolutionNode = FALSE
	EndGlobalSection
	GlobalSection(ExtensibilityGlobals) = postSolution
		SolutionGuid = {E7B9485D-BBFA-4741-9848-0EC39073E5BA}
	EndGlobalSection
EndGlobal
